
Microsoft Visual Studio Solution File, Format Version 12.00
# Visual Studio Version 17
VisualStudioVersion = 17.8.34309.116
MinimumVisualStudioVersion = 10.0.40219.1
Project("{FAE04EC0-301F-11D3-BF4B-00C04F79EFBC}") = "Shopping.Client", "Shopping.Client\Shopping.Client.csproj", "{378D4462-181C-4A62-874E-8AD66C31CAA8}"
EndProject
Global
	GlobalSection(SolutionConfigurationPlatforms) = preSolution
		Debug|Any CPU = Debug|Any CPU
		Release|Any CPU = Release|Any CPU
	EndGlobalSection
	GlobalSection(ProjectConfigurationPlatforms) = postSolution
		{378D4462-181C-4A62-874E-8AD66C31CAA8}.Debug|Any CPU.ActiveCfg = Debug|Any CPU
		{378D4462-181C-4A62-874E-8AD66C31CAA8}.Debug|Any CPU.Build.0 = Debug|Any CPU
		{378D4462-181C-4A62-874E-8AD66C31CAA8}.Release|Any CPU.ActiveCfg = Release|Any CPU
		{378D4462-181C-4A62-874E-8AD66C31CAA8}.Release|Any CPU.Build.0 = Release|Any CPU
	EndGlobalSection
	GlobalSection(SolutionProperties) = preSolution
		HideSolutionNode = FALSE
	EndGlobalSection
	GlobalSection(ExtensibilityGlobals) = postSolution
		SolutionGuid = {8D4B0109-EC65-4E67-9186-A85F22E48F10}
	EndGlobalSection
EndGlobal
